<?xml version="1.0" encoding="utf-8"?>
<Project ToolsVersion="4.0" xmlns="http://schemas.microsoft.com/developer/msbuild/2003">
  <ItemGroup>
    <ClCompile Include="$(C74SUPPORT)\max-includes\common\dllmain_win.c" />
    <ClCompile Include="..\..\src\max-external\main.c" />
  </ItemGroup>
  <ItemGroup>
    <None Include="max_extern_common.props" />
    <None Include="max_extern_x64.props" />
    <None Include="max_extern_x86.props" />
  </ItemGroup>
</Project>